{
  "name": "npm-workspace",
  "version": "1.0.0",
  "lockfileVersion": 2,
  "requires": true,
  "packages": {
    "": {
      "name": "npm-workspace",
      "version": "1.0.0",
      "license": "ISC",
      "workspaces": [
        "packages/api",
        "apps/frontend"
      ]
    },
    "apps/frontend": {
      "version": "1.0.0",
      "license": "ISC"
    },
    "node_modules/api": {
      "resolved": "packages/api",
      "link": true
    },
    "node_modules/frontend": {
      "resolved": "apps/frontend",
      "link": true
    },
    "packages/api": {
      "version": "1.0.0",
      "license": "ISC"
    }
  },
  "dependencies": {
    "api": {
      "version": "file:packages/api"
    },
    "frontend": {
      "version": "file:apps/frontend"
    }
  }
}
