{
  "name": "diff3-merge",
  "version": "1.0.0",
  "lockfileVersion": 2,
  "requires": true,
  "packages": {
    "": {
      "name": "diff3-merge",
      "version": "1.0.0",
      "license": "ISC",
      "dependencies": {
        "diff3": "^0.0.4"
      }
    },
    "node_modules/diff3": {
      "version": "0.0.4",
      "resolved": "https://registry.npmjs.org/diff3/-/diff3-0.0.4.tgz",
      "integrity": "sha512-f1rQ7jXDn/3i37hdwRk9ohqcvLRH3+gEIgmA6qEM280WUOh7cOr3GXV8Jm5sPwUs46Nzl48SE8YNLGJoaLuodg=="
    }
  },
  "dependencies": {
    "diff3": {
      "version": "0.0.4",
      "resolved": "https://registry.npmjs.org/diff3/-/diff3-0.0.4.tgz",
      "integrity": "sha512-f1rQ7jXDn/3i37hdwRk9ohqcvLRH3+gEIgmA6qEM280WUOh7cOr3GXV8Jm5sPwUs46Nzl48SE8YNLGJoaLuodg=="
    }
  }
}
